
Microsoft Visual Studio Solution File, Format Version 12.00
# Visual Studio Version 17
VisualStudioVersion = 17.5.33424.131
MinimumVisualStudioVersion = 10.0.40219.1
Project("{9A19103F-16F7-4668-BE54-9A1E7A4F7556}") = "DDDInpractice.Logic", "DDDInpractice.Logic\DDDInpractice.Logic.csproj", "{FBDF2920-77A8-47EE-B77C-A7929C861CCD}"
EndProject
Project("{9A19103F-16F7-4668-BE54-9A1E7A4F7556}") = "DDDInPractice.Test", "DDDInPractice.Test\DDDInPractice.Test.csproj", "{73E898FB-0442-4EB1-9191-C72FF3C9F28B}"
EndProject
Project("{9A19103F-16F7-4668-BE54-9A1E7A4F7556}") = "GarbageCollection", "GarbageCollection\GarbageCollection.csproj", "{DFCE96FF-D63E-4E9E-BF95-CD17E894961F}"
EndProject
Project("{2150E333-8FDC-42A3-9474-1A3956D46DE8}") = "PenLLD", "PenLLD", "{E31F8974-ED68-4288-B1B5-4047361C1ECE}"
EndProject
Project("{9A19103F-16F7-4668-BE54-9A1E7A4F7556}") = "PenLLD", "PenLLD\PenLLD.csproj", "{E8DC0E95-FB66-410A-A72D-B0EEB4588324}"
EndProject
Project("{2150E333-8FDC-42A3-9474-1A3956D46DE8}") = "ParkingLotLLD", "ParkingLotLLD", "{B87E5936-A4C8-426E-B3F7-4D4D7ACE0802}"
EndProject
Project("{9A19103F-16F7-4668-BE54-9A1E7A4F7556}") = "ParkingLotLLD", "ParkingLotLLD\ParkingLotLLD.csproj", "{29ED7064-568D-4EFE-9F28-A4906830E534}"
EndProject
Project("{2150E333-8FDC-42A3-9474-1A3956D46DE8}") = "BookMyShow", "BookMyShow", "{9B1C9480-FDB3-4EC0-AC60-E6374BC82754}"
EndProject
Project("{2150E333-8FDC-42A3-9474-1A3956D46DE8}") = "Splitwise", "Splitwise", "{FAAFCD91-E339-41BE-8AFC-DFA174A64A35}"
EndProject
Project("{9A19103F-16F7-4668-BE54-9A1E7A4F7556}") = "SplitwiseLLD", "SplitwiseLLD\SplitwiseLLD.csproj", "{11E227CD-E579-480D-89B8-A4D1D092789F}"
EndProject
Project("{2150E333-8FDC-42A3-9474-1A3956D46DE8}") = "DesignPatterns", "DesignPatterns", "{B7B636A6-8B36-4B01-820C-891D3C416FDE}"
EndProject
Project("{2150E333-8FDC-42A3-9474-1A3956D46DE8}") = "BuilderPattern", "BuilderPattern", "{FBE9271F-BD24-46E2-B532-BD1E983849EF}"
EndProject
Project("{9A19103F-16F7-4668-BE54-9A1E7A4F7556}") = "BuilderPattern", "BuilderPattern\BuilderPattern.csproj", "{C43B95D9-0F9D-4342-8D0D-E2DD125B63E6}"
EndProject
Project("{9A19103F-16F7-4668-BE54-9A1E7A4F7556}") = "BookmyShowLLDDesign", "BookmyShowLLDDesign\BookmyShowLLDDesign.csproj", "{35D1D28A-C3E0-4C39-AA79-F8D64DD09D46}"
EndProject
Project("{2150E333-8FDC-42A3-9474-1A3956D46DE8}") = "UnitTesting", "UnitTesting", "{3452AC53-E049-47C4-AEF3-EA0AD1698606}"
EndProject
Project("{2150E333-8FDC-42A3-9474-1A3956D46DE8}") = "Repository", "Repository", "{4CFE2F46-B2CC-4E26-8758-2EDC3D017EE4}"
EndProject
Project("{9A19103F-16F7-4668-BE54-9A1E7A4F7556}") = "DapperRepo", "DapperRepo\DapperRepo.csproj", "{6BD6E0E5-B59F-4C35-AEEB-94E45394BE33}"
EndProject
Project("{2150E333-8FDC-42A3-9474-1A3956D46DE8}") = "Strategy", "Strategy", "{C4D82139-F64F-4C91-998C-BF177A22B416}"
EndProject
Project("{9A19103F-16F7-4668-BE54-9A1E7A4F7556}") = "StrategyPattern", "FactoryPattern\StrategyPattern.csproj", "{DFA5B010-6176-4EF4-8C1D-29AF75E36693}"
EndProject
Project("{2150E333-8FDC-42A3-9474-1A3956D46DE8}") = "SingletonPattern", "SingletonPattern", "{98EB2293-8E22-4519-9226-A6600F0B7491}"
EndProject
Project("{9A19103F-16F7-4668-BE54-9A1E7A4F7556}") = "SingletonPattern", "SingletonPattern\SingletonPattern.csproj", "{D0830475-E00B-4C52-9332-B38A720793DF}"
EndProject
Project("{2150E333-8FDC-42A3-9474-1A3956D46DE8}") = "Test", "Test", "{86AEECA3-0262-433B-8164-2A6A767F5FC3}"
EndProject
Project("{9A19103F-16F7-4668-BE54-9A1E7A4F7556}") = "SingletonTest", "SingletonTest\SingletonTest.csproj", "{84C63C73-8BCF-43B3-BC3B-77660670301A}"
EndProject
Project("{9A19103F-16F7-4668-BE54-9A1E7A4F7556}") = "BookMyShow.Api", "BookMyShow.Api\BookMyShow.Api.csproj", "{B0199273-64EF-4D9B-B9B8-5C1D915BE6E5}"
EndProject
Project("{9A19103F-16F7-4668-BE54-9A1E7A4F7556}") = "BookMyShow.Domain", "BookMyShow.Domain\BookMyShow.Domain.csproj", "{63B775E0-9528-4C2C-962E-B4D3BB39329E}"
EndProject
Project("{9A19103F-16F7-4668-BE54-9A1E7A4F7556}") = "BookMyShow.Infrastructure", "BookMyShow.Infrastructure\BookMyShow.Infrastructure.csproj", "{0429DDEE-F16C-4A68-A7FD-C4261E4C0DA0}"
EndProject
Project("{9A19103F-16F7-4668-BE54-9A1E7A4F7556}") = "BookMyShow.Application", "BookMyShow.Application\BookMyShow.Application.csproj", "{F1923365-BBF7-4815-AF2C-DCD82905B1E9}"
EndProject
Project("{9A19103F-16F7-4668-BE54-9A1E7A4F7556}") = "BookMyShow.Common.Exception", "BookMyShow.Common.Exception\BookMyShow.Common.Exception.csproj", "{FDBFBE56-BCCD-42AF-8860-68E37BB268E9}"
EndProject
Project("{2150E333-8FDC-42A3-9474-1A3956D46DE8}") = "TicTacToe", "TicTacToe", "{2E399F0A-3525-4D28-8CF8-1074F8ABEAF1}"
EndProject
Project("{9A19103F-16F7-4668-BE54-9A1E7A4F7556}") = "TicTacToe.Domain", "TicTacToe.Domain\TicTacToe.Domain.csproj", "{722FE102-6392-4331-B97C-0099AA676BCB}"
EndProject
Project("{2150E333-8FDC-42A3-9474-1A3956D46DE8}") = "SnakeAndLadder", "SnakeAndLadder", "{570F5E5E-F35F-432C-BC01-B23334C74E2A}"
EndProject
Project("{FAE04EC0-301F-11D3-BF4B-00C04F79EFBC}") = "SnakeAndLadder.Model", "SnakeAndLadder.Model\SnakeAndLadder.Model.csproj", "{A10CBEB8-8891-4EA1-A379-0EE2AC4A627E}"
EndProject
Project("{FAE04EC0-301F-11D3-BF4B-00C04F79EFBC}") = "GameController", "GameController\GameController.csproj", "{08038A76-16E9-448C-8D1C-B0826A719092}"
EndProject
Global
	GlobalSection(SolutionConfigurationPlatforms) = preSolution
		Debug|Any CPU = Debug|Any CPU
		Release|Any CPU = Release|Any CPU
	EndGlobalSection
	GlobalSection(ProjectConfigurationPlatforms) = postSolution
		{FBDF2920-77A8-47EE-B77C-A7929C861CCD}.Debug|Any CPU.ActiveCfg = Debug|Any CPU
		{FBDF2920-77A8-47EE-B77C-A7929C861CCD}.Debug|Any CPU.Build.0 = Debug|Any CPU
		{FBDF2920-77A8-47EE-B77C-A7929C861CCD}.Release|Any CPU.ActiveCfg = Release|Any CPU
		{FBDF2920-77A8-47EE-B77C-A7929C861CCD}.Release|Any CPU.Build.0 = Release|Any CPU
		{73E898FB-0442-4EB1-9191-C72FF3C9F28B}.Debug|Any CPU.ActiveCfg = Debug|Any CPU
		{73E898FB-0442-4EB1-9191-C72FF3C9F28B}.Debug|Any CPU.Build.0 = Debug|Any CPU
		{73E898FB-0442-4EB1-9191-C72FF3C9F28B}.Release|Any CPU.ActiveCfg = Release|Any CPU
		{73E898FB-0442-4EB1-9191-C72FF3C9F28B}.Release|Any CPU.Build.0 = Release|Any CPU
		{DFCE96FF-D63E-4E9E-BF95-CD17E894961F}.Debug|Any CPU.ActiveCfg = Debug|Any CPU
		{DFCE96FF-D63E-4E9E-BF95-CD17E894961F}.Debug|Any CPU.Build.0 = Debug|Any CPU
		{DFCE96FF-D63E-4E9E-BF95-CD17E894961F}.Release|Any CPU.ActiveCfg = Release|Any CPU
		{DFCE96FF-D63E-4E9E-BF95-CD17E894961F}.Release|Any CPU.Build.0 = Release|Any CPU
		{E8DC0E95-FB66-410A-A72D-B0EEB4588324}.Debug|Any CPU.ActiveCfg = Debug|Any CPU
		{E8DC0E95-FB66-410A-A72D-B0EEB4588324}.Debug|Any CPU.Build.0 = Debug|Any CPU
		{E8DC0E95-FB66-410A-A72D-B0EEB4588324}.Release|Any CPU.ActiveCfg = Release|Any CPU
		{E8DC0E95-FB66-410A-A72D-B0EEB4588324}.Release|Any CPU.Build.0 = Release|Any CPU
		{29ED7064-568D-4EFE-9F28-A4906830E534}.Debug|Any CPU.ActiveCfg = Debug|Any CPU
		{29ED7064-568D-4EFE-9F28-A4906830E534}.Debug|Any CPU.Build.0 = Debug|Any CPU
		{29ED7064-568D-4EFE-9F28-A4906830E534}.Release|Any CPU.ActiveCfg = Release|Any CPU
		{29ED7064-568D-4EFE-9F28-A4906830E534}.Release|Any CPU.Build.0 = Release|Any CPU
		{11E227CD-E579-480D-89B8-A4D1D092789F}.Debug|Any CPU.ActiveCfg = Debug|Any CPU
		{11E227CD-E579-480D-89B8-A4D1D092789F}.Debug|Any CPU.Build.0 = Debug|Any CPU
		{11E227CD-E579-480D-89B8-A4D1D092789F}.Release|Any CPU.ActiveCfg = Release|Any CPU
		{11E227CD-E579-480D-89B8-A4D1D092789F}.Release|Any CPU.Build.0 = Release|Any CPU
		{C43B95D9-0F9D-4342-8D0D-E2DD125B63E6}.Debug|Any CPU.ActiveCfg = Debug|Any CPU
		{C43B95D9-0F9D-4342-8D0D-E2DD125B63E6}.Debug|Any CPU.Build.0 = Debug|Any CPU
		{C43B95D9-0F9D-4342-8D0D-E2DD125B63E6}.Release|Any CPU.ActiveCfg = Release|Any CPU
		{C43B95D9-0F9D-4342-8D0D-E2DD125B63E6}.Release|Any CPU.Build.0 = Release|Any CPU
		{35D1D28A-C3E0-4C39-AA79-F8D64DD09D46}.Debug|Any CPU.ActiveCfg = Debug|Any CPU
		{35D1D28A-C3E0-4C39-AA79-F8D64DD09D46}.Debug|Any CPU.Build.0 = Debug|Any CPU
		{35D1D28A-C3E0-4C39-AA79-F8D64DD09D46}.Release|Any CPU.ActiveCfg = Release|Any CPU
		{35D1D28A-C3E0-4C39-AA79-F8D64DD09D46}.Release|Any CPU.Build.0 = Release|Any CPU
		{6BD6E0E5-B59F-4C35-AEEB-94E45394BE33}.Debug|Any CPU.ActiveCfg = Debug|Any CPU
		{6BD6E0E5-B59F-4C35-AEEB-94E45394BE33}.Debug|Any CPU.Build.0 = Debug|Any CPU
		{6BD6E0E5-B59F-4C35-AEEB-94E45394BE33}.Release|Any CPU.ActiveCfg = Release|Any CPU
		{6BD6E0E5-B59F-4C35-AEEB-94E45394BE33}.Release|Any CPU.Build.0 = Release|Any CPU
		{DFA5B010-6176-4EF4-8C1D-29AF75E36693}.Debug|Any CPU.ActiveCfg = Debug|Any CPU
		{DFA5B010-6176-4EF4-8C1D-29AF75E36693}.Debug|Any CPU.Build.0 = Debug|Any CPU
		{DFA5B010-6176-4EF4-8C1D-29AF75E36693}.Release|Any CPU.ActiveCfg = Release|Any CPU
		{DFA5B010-6176-4EF4-8C1D-29AF75E36693}.Release|Any CPU.Build.0 = Release|Any CPU
		{D0830475-E00B-4C52-9332-B38A720793DF}.Debug|Any CPU.ActiveCfg = Debug|Any CPU
		{D0830475-E00B-4C52-9332-B38A720793DF}.Debug|Any CPU.Build.0 = Debug|Any CPU
		{D0830475-E00B-4C52-9332-B38A720793DF}.Release|Any CPU.ActiveCfg = Release|Any CPU
		{D0830475-E00B-4C52-9332-B38A720793DF}.Release|Any CPU.Build.0 = Release|Any CPU
		{84C63C73-8BCF-43B3-BC3B-77660670301A}.Debug|Any CPU.ActiveCfg = Debug|Any CPU
		{84C63C73-8BCF-43B3-BC3B-77660670301A}.Debug|Any CPU.Build.0 = Debug|Any CPU
		{84C63C73-8BCF-43B3-BC3B-77660670301A}.Release|Any CPU.ActiveCfg = Release|Any CPU
		{84C63C73-8BCF-43B3-BC3B-77660670301A}.Release|Any CPU.Build.0 = Release|Any CPU
		{B0199273-64EF-4D9B-B9B8-5C1D915BE6E5}.Debug|Any CPU.ActiveCfg = Debug|Any CPU
		{B0199273-64EF-4D9B-B9B8-5C1D915BE6E5}.Debug|Any CPU.Build.0 = Debug|Any CPU
		{B0199273-64EF-4D9B-B9B8-5C1D915BE6E5}.Release|Any CPU.ActiveCfg = Release|Any CPU
		{B0199273-64EF-4D9B-B9B8-5C1D915BE6E5}.Release|Any CPU.Build.0 = Release|Any CPU
		{63B775E0-9528-4C2C-962E-B4D3BB39329E}.Debug|Any CPU.ActiveCfg = Debug|Any CPU
		{63B775E0-9528-4C2C-962E-B4D3BB39329E}.Debug|Any CPU.Build.0 = Debug|Any CPU
		{63B775E0-9528-4C2C-962E-B4D3BB39329E}.Release|Any CPU.ActiveCfg = Release|Any CPU
		{63B775E0-9528-4C2C-962E-B4D3BB39329E}.Release|Any CPU.Build.0 = Release|Any CPU
		{0429DDEE-F16C-4A68-A7FD-C4261E4C0DA0}.Debug|Any CPU.ActiveCfg = Debug|Any CPU
		{0429DDEE-F16C-4A68-A7FD-C4261E4C0DA0}.Debug|Any CPU.Build.0 = Debug|Any CPU
		{0429DDEE-F16C-4A68-A7FD-C4261E4C0DA0}.Release|Any CPU.ActiveCfg = Release|Any CPU
		{0429DDEE-F16C-4A68-A7FD-C4261E4C0DA0}.Release|Any CPU.Build.0 = Release|Any CPU
		{F1923365-BBF7-4815-AF2C-DCD82905B1E9}.Debug|Any CPU.ActiveCfg = Debug|Any CPU
		{F1923365-BBF7-4815-AF2C-DCD82905B1E9}.Debug|Any CPU.Build.0 = Debug|Any CPU
		{F1923365-BBF7-4815-AF2C-DCD82905B1E9}.Release|Any CPU.ActiveCfg = Release|Any CPU
		{F1923365-BBF7-4815-AF2C-DCD82905B1E9}.Release|Any CPU.Build.0 = Release|Any CPU
		{FDBFBE56-BCCD-42AF-8860-68E37BB268E9}.Debug|Any CPU.ActiveCfg = Debug|Any CPU
		{FDBFBE56-BCCD-42AF-8860-68E37BB268E9}.Debug|Any CPU.Build.0 = Debug|Any CPU
		{FDBFBE56-BCCD-42AF-8860-68E37BB268E9}.Release|Any CPU.ActiveCfg = Release|Any CPU
		{FDBFBE56-BCCD-42AF-8860-68E37BB268E9}.Release|Any CPU.Build.0 = Release|Any CPU
		{722FE102-6392-4331-B97C-0099AA676BCB}.Debug|Any CPU.ActiveCfg = Debug|Any CPU
		{722FE102-6392-4331-B97C-0099AA676BCB}.Debug|Any CPU.Build.0 = Debug|Any CPU
		{722FE102-6392-4331-B97C-0099AA676BCB}.Release|Any CPU.ActiveCfg = Release|Any CPU
		{722FE102-6392-4331-B97C-0099AA676BCB}.Release|Any CPU.Build.0 = Release|Any CPU
		{A10CBEB8-8891-4EA1-A379-0EE2AC4A627E}.Debug|Any CPU.ActiveCfg = Debug|Any CPU
		{A10CBEB8-8891-4EA1-A379-0EE2AC4A627E}.Debug|Any CPU.Build.0 = Debug|Any CPU
		{A10CBEB8-8891-4EA1-A379-0EE2AC4A627E}.Release|Any CPU.ActiveCfg = Release|Any CPU
		{A10CBEB8-8891-4EA1-A379-0EE2AC4A627E}.Release|Any CPU.Build.0 = Release|Any CPU
		{08038A76-16E9-448C-8D1C-B0826A719092}.Debug|Any CPU.ActiveCfg = Debug|Any CPU
		{08038A76-16E9-448C-8D1C-B0826A719092}.Debug|Any CPU.Build.0 = Debug|Any CPU
		{08038A76-16E9-448C-8D1C-B0826A719092}.Release|Any CPU.ActiveCfg = Release|Any CPU
		{08038A76-16E9-448C-8D1C-B0826A719092}.Release|Any CPU.Build.0 = Release|Any CPU
	EndGlobalSection
	GlobalSection(SolutionProperties) = preSolution
		HideSolutionNode = FALSE
	EndGlobalSection
	GlobalSection(NestedProjects) = preSolution
		{E8DC0E95-FB66-410A-A72D-B0EEB4588324} = {E31F8974-ED68-4288-B1B5-4047361C1ECE}
		{29ED7064-568D-4EFE-9F28-A4906830E534} = {B87E5936-A4C8-426E-B3F7-4D4D7ACE0802}
		{11E227CD-E579-480D-89B8-A4D1D092789F} = {FAAFCD91-E339-41BE-8AFC-DFA174A64A35}
		{FBE9271F-BD24-46E2-B532-BD1E983849EF} = {B7B636A6-8B36-4B01-820C-891D3C416FDE}
		{C43B95D9-0F9D-4342-8D0D-E2DD125B63E6} = {FBE9271F-BD24-46E2-B532-BD1E983849EF}
		{35D1D28A-C3E0-4C39-AA79-F8D64DD09D46} = {9B1C9480-FDB3-4EC0-AC60-E6374BC82754}
		{3452AC53-E049-47C4-AEF3-EA0AD1698606} = {9B1C9480-FDB3-4EC0-AC60-E6374BC82754}
		{6BD6E0E5-B59F-4C35-AEEB-94E45394BE33} = {4CFE2F46-B2CC-4E26-8758-2EDC3D017EE4}
		{C4D82139-F64F-4C91-998C-BF177A22B416} = {B7B636A6-8B36-4B01-820C-891D3C416FDE}
		{DFA5B010-6176-4EF4-8C1D-29AF75E36693} = {C4D82139-F64F-4C91-998C-BF177A22B416}
		{98EB2293-8E22-4519-9226-A6600F0B7491} = {B7B636A6-8B36-4B01-820C-891D3C416FDE}
		{D0830475-E00B-4C52-9332-B38A720793DF} = {98EB2293-8E22-4519-9226-A6600F0B7491}
		{86AEECA3-0262-433B-8164-2A6A767F5FC3} = {98EB2293-8E22-4519-9226-A6600F0B7491}
		{84C63C73-8BCF-43B3-BC3B-77660670301A} = {86AEECA3-0262-433B-8164-2A6A767F5FC3}
		{B0199273-64EF-4D9B-B9B8-5C1D915BE6E5} = {9B1C9480-FDB3-4EC0-AC60-E6374BC82754}
		{63B775E0-9528-4C2C-962E-B4D3BB39329E} = {9B1C9480-FDB3-4EC0-AC60-E6374BC82754}
		{0429DDEE-F16C-4A68-A7FD-C4261E4C0DA0} = {9B1C9480-FDB3-4EC0-AC60-E6374BC82754}
		{F1923365-BBF7-4815-AF2C-DCD82905B1E9} = {9B1C9480-FDB3-4EC0-AC60-E6374BC82754}
		{FDBFBE56-BCCD-42AF-8860-68E37BB268E9} = {9B1C9480-FDB3-4EC0-AC60-E6374BC82754}
		{722FE102-6392-4331-B97C-0099AA676BCB} = {2E399F0A-3525-4D28-8CF8-1074F8ABEAF1}
		{A10CBEB8-8891-4EA1-A379-0EE2AC4A627E} = {570F5E5E-F35F-432C-BC01-B23334C74E2A}
		{08038A76-16E9-448C-8D1C-B0826A719092} = {2E399F0A-3525-4D28-8CF8-1074F8ABEAF1}
	EndGlobalSection
	GlobalSection(ExtensibilityGlobals) = postSolution
		SolutionGuid = {CBB9C789-F776-4A3B-9F94-B31F26437929}
	EndGlobalSection
EndGlobal
